
Microsoft Visual Studio Solution File, Format Version 12.00
# Visual Studio Version 17
VisualStudioVersion = 17.3.32811.315
MinimumVisualStudioVersion = 10.0.40219.1
Project("{FAE04EC0-301F-11D3-BF4B-00C04F79EFBC}") = "AdventOfCode2021", "AdventOfCode2021.csproj", "{67989044-D4AE-41E6-B00B-00BC471C5C4F}"
EndProject
Global
	GlobalSection(SolutionConfigurationPlatforms) = preSolution
		Debug|Any CPU = Debug|Any CPU
		Release|Any CPU = Release|Any CPU
	EndGlobalSection
	GlobalSection(ProjectConfigurationPlatforms) = postSolution
		{67989044-D4AE-41E6-B00B-00BC471C5C4F}.Debug|Any CPU.ActiveCfg = Debug|Any CPU
		{67989044-D4AE-41E6-B00B-00BC471C5C4F}.Debug|Any CPU.Build.0 = Debug|Any CPU
		{67989044-D4AE-41E6-B00B-00BC471C5C4F}.Release|Any CPU.ActiveCfg = Release|Any CPU
		{67989044-D4AE-41E6-B00B-00BC471C5C4F}.Release|Any CPU.Build.0 = Release|Any CPU
	EndGlobalSection
	GlobalSection(SolutionProperties) = preSolution
		HideSolutionNode = FALSE
	EndGlobalSection
	GlobalSection(ExtensibilityGlobals) = postSolution
		SolutionGuid = {F476D778-C9EC-4D1F-92FA-DB80380DE21B}
	EndGlobalSection
EndGlobal
